// !$*UTF8*$!
{
	archiveVersion = 1;
	classes = {
	};
	objectVersion = 46;
	objects = {

/* Begin PBXBuildFile section */
		2569D31B1BB6C4EB0086DA1A /* AppDelegate.swift in Sources */ = {isa = PBXBuildFile; fileRef = 2569D31A1BB6C4EB0086DA1A /* AppDelegate.swift */; };
		2569D31D1BB6C4EB0086DA1A /* SettingsViewController.swift in Sources */ = {isa = PBXBuildFile; fileRef = 2569D31C1BB6C4EB0086DA1A /* SettingsViewController.swift */; };
		2569D31F1BB6C4EB0086DA1A /* Assets.xcassets in Resources */ = {isa = PBXBuildFile; fileRef = 2569D31E1BB6C4EB0086DA1A /* Assets.xcassets */; };
		2569D3221BB6C4EB0086DA1A /* Main.storyboard in Resources */ = {isa = PBXBuildFile; fileRef = 2569D3201BB6C4EB0086DA1A /* Main.storyboard */; };
		25B392D11BB8004B00719EDB /* Config.swift in Sources */ = {isa = PBXBuildFile; fileRef = 25B392D01BB8004B00719EDB /* Config.swift */; settings = {ASSET_TAGS = (); }; };
/* End PBXBuildFile section */

/* Begin PBXFileReference section */
		2569D3171BB6C4EB0086DA1A /* leeroyNotify.app */ = {isa = PBXFileReference; explicitFileType = wrapper.application; includeInIndex = 0; path = leeroyNotify.app; sourceTree = BUILT_PRODUCTS_DIR; };
		2569D31A1BB6C4EB0086DA1A /* AppDelegate.swift */ = {isa = PBXFileReference; lastKnownFileType = sourcecode.swift; path = AppDelegate.swift; sourceTree = "<group>"; };
		2569D31C1BB6C4EB0086DA1A /* SettingsViewController.swift */ = {isa = PBXFileReference; lastKnownFileType = sourcecode.swift; path = SettingsViewController.swift; sourceTree = "<group>"; };
		2569D31E1BB6C4EB0086DA1A /* Assets.xcassets */ = {isa = PBXFileReference; lastKnownFileType = folder.assetcatalog; path = Assets.xcassets; sourceTree = "<group>"; };
		2569D3211BB6C4EB0086DA1A /* Base */ = {isa = PBXFileReference; lastKnownFileType = file.storyboard; name = Base; path = Base.lproj/Main.storyboard; sourceTree = "<group>"; };
		2569D3231BB6C4EB0086DA1A /* Info.plist */ = {isa = PBXFileReference; lastKnownFileType = text.plist.xml; path = Info.plist; sourceTree = "<group>"; };
		25B392D01BB8004B00719EDB /* Config.swift */ = {isa = PBXFileReference; fileEncoding = 4; lastKnownFileType = sourcecode.swift; path = Config.swift; sourceTree = "<group>"; };
/* End PBXFileReference section */

/* Begin PBXFrameworksBuildPhase section */
		2569D3141BB6C4EB0086DA1A /* Frameworks */ = {
			isa = PBXFrameworksBuildPhase;
			buildActionMask = 2147483647;
			files = (
			);
			runOnlyForDeploymentPostprocessing = 0;
		};
/* End PBXFrameworksBuildPhase section */

/* Begin PBXGroup section */
		2569D30E1BB6C4EB0086DA1A = {
			isa = PBXGroup;
			children = (
				2569D3191BB6C4EB0086DA1A /* leeroyNotify */,
				2569D3181BB6C4EB0086DA1A /* Products */,
			);
			sourceTree = "<group>";
		};
		2569D3181BB6C4EB0086DA1A /* Products */ = {
			isa = PBXGroup;
			children = (
				2569D3171BB6C4EB0086DA1A /* leeroyNotify.app */,
			);
			name = Products;
			sourceTree = "<group>";
		};
		2569D3191BB6C4EB0086DA1A /* leeroyNotify */ = {
			isa = PBXGroup;
			children = (
				2569D31A1BB6C4EB0086DA1A /* AppDelegate.swift */,
				2569D31C1BB6C4EB0086DA1A /* SettingsViewController.swift */,
				2569D31E1BB6C4EB0086DA1A /* Assets.xcassets */,
				2569D3201BB6C4EB0086DA1A /* Main.storyboard */,
				2569D3231BB6C4EB0086DA1A /* Info.plist */,
				25B392D01BB8004B00719EDB /* Config.swift */,
				25B392D21BB8068D00719EDB /* Vendor */,
			);
			path = leeroyNotify;
			sourceTree = "<group>";
		};
		25B392D21BB8068D00719EDB /* Vendor */ = {
			isa = PBXGroup;
			children = (
			);
			name = Vendor;
			sourceTree = "<group>";
		};
/* End PBXGroup section */

/* Begin PBXNativeTarget section */
		2569D3161BB6C4EB0086DA1A /* leeroyNotify */ = {
			isa = PBXNativeTarget;
			buildConfigurationList = 2569D3261BB6C4EB0086DA1A /* Build configuration list for PBXNativeTarget "leeroyNotify" */;
			buildPhases = (
				2569D3131BB6C4EB0086DA1A /* Sources */,
				2569D3141BB6C4EB0086DA1A /* Frameworks */,
				2569D3151BB6C4EB0086DA1A /* Resources */,
			);
			buildRules = (
			);
			dependencies = (
			);
			name = leeroyNotify;
			productName = leeroyNotify;
			productReference = 2569D3171BB6C4EB0086DA1A /* leeroyNotify.app */;
			productType = "com.apple.product-type.application";
		};
/* End PBXNativeTarget section */

/* Begin PBXProject section */
		2569D30F1BB6C4EB0086DA1A /* Project object */ = {
			isa = PBXProject;
			attributes = {
				LastUpgradeCheck = 0700;
				ORGANIZATIONNAME = "Timo Zimmermann";
				TargetAttributes = {
					2569D3161BB6C4EB0086DA1A = {
						CreatedOnToolsVersion = 7.0;
						DevelopmentTeam = 2DZHG3JU28;
					};
				};
			};
			buildConfigurationList = 2569D3121BB6C4EB0086DA1A /* Build configuration list for PBXProject "leeroyNotify" */;
			compatibilityVersion = "Xcode 3.2";
			developmentRegion = English;
			hasScannedForEncodings = 0;
			knownRegions = (
				en,
				Base,
			);
			mainGroup = 2569D30E1BB6C4EB0086DA1A;
			productRefGroup = 2569D3181BB6C4EB0086DA1A /* Products */;
			projectDirPath = "";
			projectRoot = "";
			targets = (
				2569D3161BB6C4EB0086DA1A /* leeroyNotify */,
			);
		};
/* End PBXProject section */

/* Begin PBXResourcesBuildPhase section */
		2569D3151BB6C4EB0086DA1A /* Resources */ = {
			isa = PBXResourcesBuildPhase;
			buildActionMask = 2147483647;
			files = (
				2569D31F1BB6C4EB0086DA1A /* Assets.xcassets in Resources */,
				2569D3221BB6C4EB0086DA1A /* Main.storyboard in Resources */,
			);
			runOnlyForDeploymentPostprocessing = 0;
		};
/* End PBXResourcesBuildPhase section */

/* Begin PBXSourcesBuildPhase section */
		2569D3131BB6C4EB0086DA1A /* Sources */ = {
			isa = PBXSourcesBuildPhase;
			buildActionMask = 2147483647;
			files = (
				2569D31D1BB6C4EB0086DA1A /* SettingsViewController.swift in Sources */,
				2569D31B1BB6C4EB0086DA1A /* AppDelegate.swift in Sources */,
				25B392D11BB8004B00719EDB /* Config.swift in Sources */,
			);
			runOnlyForDeploymentPostprocessing = 0;
		};
/* End PBXSourcesBuildPhase section */

/* Begin PBXVariantGroup section */
		2569D3201BB6C4EB0086DA1A /* Main.storyboard */ = {
			isa = PBXVariantGroup;
			children = (
				2569D3211BB6C4EB0086DA1A /* Base */,
			);
			name = Main.storyboard;
			sourceTree = "<group>";
		};
/* End PBXVariantGroup section */

/* Begin XCBuildConfiguration section */
		2569D3241BB6C4EB0086DA1A /* Debug */ = {
			isa = XCBuildConfiguration;
			buildSettings = {
				ALWAYS_SEARCH_USER_PATHS = NO;
				CLANG_CXX_LANGUAGE_STANDARD = "gnu++0x";
				CLANG_CXX_LIBRARY = "libc++";
				CLANG_ENABLE_MODULES = YES;
				CLANG_ENABLE_OBJC_ARC = YES;
				CLANG_WARN_BOOL_CONVERSION = YES;
				CLANG_WARN_CONSTANT_CONVERSION = YES;
				CLANG_WARN_DIRECT_OBJC_ISA_USAGE = YES_ERROR;
				CLANG_WARN_EMPTY_BODY = YES;
				CLANG_WARN_ENUM_CONVERSION = YES;
				CLANG_WARN_INT_CONVERSION = YES;
				CLANG_WARN_OBJC_ROOT_CLASS = YES_ERROR;
				CLANG_WARN_UNREACHABLE_CODE = YES;
				CLANG_WARN__DUPLICATE_METHOD_MATCH = YES;
				CODE_SIGN_IDENTITY = "-";
				COPY_PHASE_STRIP = NO;
				DEBUG_INFORMATION_FORMAT = dwarf;
				ENABLE_STRICT_OBJC_MSGSEND = YES;
				ENABLE_TESTABILITY = YES;
				GCC_C_LANGUAGE_STANDARD = gnu99;
				GCC_DYNAMIC_NO_PIC = NO;
				GCC_NO_COMMON_BLOCKS = YES;
				GCC_OPTIMIZATION_LEVEL = 0;
				GCC_PREPROCESSOR_DEFINITIONS = (
					"DEBUG=1",
					"$(inherited)",
				);
				GCC_WARN_64_TO_32_BIT_CONVERSION = YES;
				GCC_WARN_ABOUT_RETURN_TYPE = YES_ERROR;
				GCC_WARN_UNDECLARED_SELECTOR = YES;
				GCC_WARN_UNINITIALIZED_AUTOS = YES_AGGRESSIVE;
				GCC_WARN_UNUSED_FUNCTION = YES;
				GCC_WARN_UNUSED_VARIABLE = YES;
				MACOSX_DEPLOYMENT_TARGET = 10.10;
				MTL_ENABLE_DEBUG_INFO = YES;
				ONLY_ACTIVE_ARCH = YES;
				SDKROOT = macosx;
				SWIFT_OPTIMIZATION_LEVEL = "-Onone";
			};
			name = Debug;
		};
		2569D3251BB6C4EB0086DA1A /* Release */ = {
			isa = XCBuildConfiguration;
			buildSettings = {
				ALWAYS_SEARCH_USER_PATHS = NO;
				CLANG_CXX_LANGUAGE_STANDARD = "gnu++0x";
				CLANG_CXX_LIBRARY = "libc++";
				CLANG_ENABLE_MODULES = YES;
				CLANG_ENABLE_OBJC_ARC = YES;
				CLANG_WARN_BOOL_CONVERSION = YES;
				CLANG_WARN_CONSTANT_CONVERSION = YES;
				CLANG_WARN_DIRECT_OBJC_ISA_USAGE = YES_ERROR;
				CLANG_WARN_EMPTY_BODY = YES;
				CLANG_WARN_ENUM_CONVERSION = YES;
				CLANG_WARN_INT_CONVERSION = YES;
				CLANG_WARN_OBJC_ROOT_CLASS = YES_ERROR;
				CLANG_WARN_UNREACHABLE_CODE = YES;
				CLANG_WARN__DUPLICATE_METHOD_MATCH = YES;
				CODE_SIGN_IDENTITY = "-";
				COPY_PHASE_STRIP = NO;
				DEBUG_INFORMATION_FORMAT = "dwarf-with-dsym";
				ENABLE_NS_ASSERTIONS = NO;
				ENABLE_STRICT_OBJC_MSGSEND = YES;
				GCC_C_LANGUAGE_STANDARD = gnu99;
				GCC_NO_COMMON_BLOCKS = YES;
				GCC_WARN_64_TO_32_BIT_CONVERSION = YES;
				GCC_WARN_ABOUT_RETURN_TYPE = YES_ERROR;
				GCC_WARN_UNDECLARED_SELECTOR = YES;
				GCC_WARN_UNINITIALIZED_AUTOS = YES_AGGRESSIVE;
				GCC_WARN_UNUSED_FUNCTION = YES;
				GCC_WARN_UNUSED_VARIABLE = YES;
				MACOSX_DEPLOYMENT_TARGET = 10.10;
				MTL_ENABLE_DEBUG_INFO = NO;
				SDKROOT = macosx;
			};
			name = Release;
		};
		2569D3271BB6C4EB0086DA1A /* Debug */ = {
			isa = XCBuildConfiguration;
			buildSettings = {
				ASSETCATALOG_COMPILER_APPICON_NAME = AppIcon;
				CODE_SIGN_IDENTITY = "Developer ID Application";
				COMBINE_HIDPI_IMAGES = YES;
				INFOPLIST_FILE = leeroyNotify/Info.plist;
				LD_RUNPATH_SEARCH_PATHS = "$(inherited) @executable_path/../Frameworks";
				PRODUCT_BUNDLE_IDENTIFIER = de.blazeit.leeroyNotify;
				PRODUCT_NAME = "$(TARGET_NAME)";
			};
			name = Debug;
		};
		2569D3281BB6C4EB0086DA1A /* Release */ = {
			isa = XCBuildConfiguration;
			buildSettings = {
				ASSETCATALOG_COMPILER_APPICON_NAME = AppIcon;
				CODE_SIGN_IDENTITY = "Developer ID Application";
				COMBINE_HIDPI_IMAGES = YES;
				INFOPLIST_FILE = leeroyNotify/Info.plist;
				LD_RUNPATH_SEARCH_PATHS = "$(inherited) @executable_path/../Frameworks";
				PRODUCT_BUNDLE_IDENTIFIER = de.blazeit.leeroyNotify;
				PRODUCT_NAME = "$(TARGET_NAME)";
			};
			name = Release;
		};
/* End XCBuildConfiguration section */

/* Begin XCConfigurationList section */
		2569D3121BB6C4EB0086DA1A /* Build configuration list for PBXProject "leeroyNotify" */ = {
			isa = XCConfigurationList;
			buildConfigurations = (
				2569D3241BB6C4EB0086DA1A /* Debug */,
				2569D3251BB6C4EB0086DA1A /* Release */,
			);
			defaultConfigurationIsVisible = 0;
			defaultConfigurationName = Release;
		};
		2569D3261BB6C4EB0086DA1A /* Build configuration list for PBXNativeTarget "leeroyNotify" */ = {
			isa = XCConfigurationList;
			buildConfigurations = (
				2569D3271BB6C4EB0086DA1A /* Debug */,
				2569D3281BB6C4EB0086DA1A /* Release */,
			);
			defaultConfigurationIsVisible = 0;
			defaultConfigurationName = Release;
		};
/* End XCConfigurationList section */
	};
	rootObject = 2569D30F1BB6C4EB0086DA1A /* Project object */;
}
